
Microsoft Visual Studio Solution File, Format Version 12.00
# Visual Studio Version 17
VisualStudioVersion = 17.5.33502.453
MinimumVisualStudioVersion = 10.0.40219.1
Project("{FAE04EC0-301F-11D3-BF4B-00C04F79EFBC}") = "Repository", "Repository\Repository.csproj", "{0127F7FB-B914-4692-ADDA-B3B7D978A086}"
EndProject
Project("{FAE04EC0-301F-11D3-BF4B-00C04F79EFBC}") = "Movies.Business", "Muvies.Business\Movies.Business.csproj", "{D5E2BB5A-34A2-42FF-84D7-6A41794248FD}"
EndProject
Project("{FAE04EC0-301F-11D3-BF4B-00C04F79EFBC}") = "Movies.Entities", "Movies.Entities\Movies.Entities.csproj", "{AC2875E9-3B30-4A00-9027-3B9B8BF3EB0A}"
EndProject
Project("{FAE04EC0-301F-11D3-BF4B-00C04F79EFBC}") = "Movies.Data", "Movies.Data\Movies.Data.csproj", "{8520E864-6A5A-40EA-AAD6-69A3022BB3DB}"
EndProject
Global
	GlobalSection(SolutionConfigurationPlatforms) = preSolution
		Debug|Any CPU = Debug|Any CPU
		Release|Any CPU = Release|Any CPU
	EndGlobalSection
	GlobalSection(ProjectConfigurationPlatforms) = postSolution
		{0127F7FB-B914-4692-ADDA-B3B7D978A086}.Debug|Any CPU.ActiveCfg = Debug|Any CPU
		{0127F7FB-B914-4692-ADDA-B3B7D978A086}.Debug|Any CPU.Build.0 = Debug|Any CPU
		{0127F7FB-B914-4692-ADDA-B3B7D978A086}.Release|Any CPU.ActiveCfg = Release|Any CPU
		{0127F7FB-B914-4692-ADDA-B3B7D978A086}.Release|Any CPU.Build.0 = Release|Any CPU
		{D5E2BB5A-34A2-42FF-84D7-6A41794248FD}.Debug|Any CPU.ActiveCfg = Debug|Any CPU
		{D5E2BB5A-34A2-42FF-84D7-6A41794248FD}.Debug|Any CPU.Build.0 = Debug|Any CPU
		{D5E2BB5A-34A2-42FF-84D7-6A41794248FD}.Release|Any CPU.ActiveCfg = Release|Any CPU
		{D5E2BB5A-34A2-42FF-84D7-6A41794248FD}.Release|Any CPU.Build.0 = Release|Any CPU
		{AC2875E9-3B30-4A00-9027-3B9B8BF3EB0A}.Debug|Any CPU.ActiveCfg = Debug|Any CPU
		{AC2875E9-3B30-4A00-9027-3B9B8BF3EB0A}.Debug|Any CPU.Build.0 = Debug|Any CPU
		{AC2875E9-3B30-4A00-9027-3B9B8BF3EB0A}.Release|Any CPU.ActiveCfg = Release|Any CPU
		{AC2875E9-3B30-4A00-9027-3B9B8BF3EB0A}.Release|Any CPU.Build.0 = Release|Any CPU
		{8520E864-6A5A-40EA-AAD6-69A3022BB3DB}.Debug|Any CPU.ActiveCfg = Debug|Any CPU
		{8520E864-6A5A-40EA-AAD6-69A3022BB3DB}.Debug|Any CPU.Build.0 = Debug|Any CPU
		{8520E864-6A5A-40EA-AAD6-69A3022BB3DB}.Release|Any CPU.ActiveCfg = Release|Any CPU
		{8520E864-6A5A-40EA-AAD6-69A3022BB3DB}.Release|Any CPU.Build.0 = Release|Any CPU
	EndGlobalSection
	GlobalSection(SolutionProperties) = preSolution
		HideSolutionNode = FALSE
	EndGlobalSection
	GlobalSection(ExtensibilityGlobals) = postSolution
		SolutionGuid = {C917E684-2919-4D8C-93B5-68F870170B8D}
	EndGlobalSection
EndGlobal
